
Microsoft Visual Studio Solution File, Format Version 12.00
# Visual Studio Version 16
VisualStudioVersion = 16.0.31402.337
MinimumVisualStudioVersion = 10.0.40219.1
Project("{FAE04EC0-301F-11D3-BF4B-00C04F79EFBC}") = "nombre_magique", "nombre_magique\nombre_magique.csproj", "{32F64C6A-6E7F-44E7-AF07-2C06097E5FC4}"
EndProject
Global
	GlobalSection(SolutionConfigurationPlatforms) = preSolution
		Debug|Any CPU = Debug|Any CPU
		Release|Any CPU = Release|Any CPU
	EndGlobalSection
	GlobalSection(ProjectConfigurationPlatforms) = postSolution
		{32F64C6A-6E7F-44E7-AF07-2C06097E5FC4}.Debug|Any CPU.ActiveCfg = Debug|Any CPU
		{32F64C6A-6E7F-44E7-AF07-2C06097E5FC4}.Debug|Any CPU.Build.0 = Debug|Any CPU
		{32F64C6A-6E7F-44E7-AF07-2C06097E5FC4}.Release|Any CPU.ActiveCfg = Release|Any CPU
		{32F64C6A-6E7F-44E7-AF07-2C06097E5FC4}.Release|Any CPU.Build.0 = Release|Any CPU
	EndGlobalSection
	GlobalSection(SolutionProperties) = preSolution
		HideSolutionNode = FALSE
	EndGlobalSection
	GlobalSection(ExtensibilityGlobals) = postSolution
		SolutionGuid = {4819383A-FFDE-4388-A970-600743856662}
	EndGlobalSection
EndGlobal
